
Microsoft Visual Studio Solution File, Format Version 12.00
# Visual Studio Version 16
VisualStudioVersion = 16.0.810.16
MinimumVisualStudioVersion = 10.0.40219.1
Project("{FAE04EC0-301F-11D3-BF4B-00C04F79EFBC}") = "WTechECommerce.UI", "WTechECommerce.UI\WTechECommerce.UI.csproj", "{30523583-B2AA-4A72-804D-38294E16B782}"
EndProject
Project("{FAE04EC0-301F-11D3-BF4B-00C04F79EFBC}") = "WTechECommerce.Data", "WTechECommerce.Data\WTechECommerce.Data.csproj", "{EEBEA838-A0F1-4690-B233-1CE785F1CC82}"
EndProject
Project("{FAE04EC0-301F-11D3-BF4B-00C04F79EFBC}") = "WTechECommerce.Business", "WTechECommerce.Business\WTechECommerce.Business.csproj", "{B7BCBB1E-7B2B-46D8-A231-07C415E84FA8}"
EndProject
Global
	GlobalSection(SolutionConfigurationPlatforms) = preSolution
		Debug|Any CPU = Debug|Any CPU
		Release|Any CPU = Release|Any CPU
	EndGlobalSection
	GlobalSection(ProjectConfigurationPlatforms) = postSolution
		{30523583-B2AA-4A72-804D-38294E16B782}.Debug|Any CPU.ActiveCfg = Debug|Any CPU
		{30523583-B2AA-4A72-804D-38294E16B782}.Debug|Any CPU.Build.0 = Debug|Any CPU
		{30523583-B2AA-4A72-804D-38294E16B782}.Release|Any CPU.ActiveCfg = Release|Any CPU
		{30523583-B2AA-4A72-804D-38294E16B782}.Release|Any CPU.Build.0 = Release|Any CPU
		{EEBEA838-A0F1-4690-B233-1CE785F1CC82}.Debug|Any CPU.ActiveCfg = Debug|Any CPU
		{EEBEA838-A0F1-4690-B233-1CE785F1CC82}.Debug|Any CPU.Build.0 = Debug|Any CPU
		{EEBEA838-A0F1-4690-B233-1CE785F1CC82}.Release|Any CPU.ActiveCfg = Release|Any CPU
		{EEBEA838-A0F1-4690-B233-1CE785F1CC82}.Release|Any CPU.Build.0 = Release|Any CPU
		{B7BCBB1E-7B2B-46D8-A231-07C415E84FA8}.Debug|Any CPU.ActiveCfg = Debug|Any CPU
		{B7BCBB1E-7B2B-46D8-A231-07C415E84FA8}.Debug|Any CPU.Build.0 = Debug|Any CPU
		{B7BCBB1E-7B2B-46D8-A231-07C415E84FA8}.Release|Any CPU.ActiveCfg = Release|Any CPU
		{B7BCBB1E-7B2B-46D8-A231-07C415E84FA8}.Release|Any CPU.Build.0 = Release|Any CPU
	EndGlobalSection
	GlobalSection(SolutionProperties) = preSolution
		HideSolutionNode = FALSE
	EndGlobalSection
	GlobalSection(ExtensibilityGlobals) = postSolution
		SolutionGuid = {A26A5C63-497B-46FE-8BBF-00A7C319B140}
	EndGlobalSection
EndGlobal
